
Microsoft Visual Studio Solution File, Format Version 12.00
# Visual Studio Version 17
VisualStudioVersion = 17.8.34525.116
MinimumVisualStudioVersion = 10.0.40219.1
Project("{FAE04EC0-301F-11D3-BF4B-00C04F79EFBC}") = "GitAPI", "GitAPI\GitAPI.csproj", "{7201325B-217C-4BD5-9871-2587198A048E}"
EndProject
Global
	GlobalSection(SolutionConfigurationPlatforms) = preSolution
		Debug|Any CPU = Debug|Any CPU
		Release|Any CPU = Release|Any CPU
	EndGlobalSection
	GlobalSection(ProjectConfigurationPlatforms) = postSolution
		{7201325B-217C-4BD5-9871-2587198A048E}.Debug|Any CPU.ActiveCfg = Debug|Any CPU
		{7201325B-217C-4BD5-9871-2587198A048E}.Debug|Any CPU.Build.0 = Debug|Any CPU
		{7201325B-217C-4BD5-9871-2587198A048E}.Release|Any CPU.ActiveCfg = Release|Any CPU
		{7201325B-217C-4BD5-9871-2587198A048E}.Release|Any CPU.Build.0 = Release|Any CPU
	EndGlobalSection
	GlobalSection(SolutionProperties) = preSolution
		HideSolutionNode = FALSE
	EndGlobalSection
	GlobalSection(ExtensibilityGlobals) = postSolution
		SolutionGuid = {6C0DD705-4FAA-4896-969B-D30C0AE24FD0}
	EndGlobalSection
EndGlobal
